<?xml version="1.0" encoding="utf-8"?>
<Project ToolsVersion="4.0" xmlns="http://schemas.microsoft.com/developer/msbuild/2003">
  <ItemGroup>
    <Filter Include="RedBlackTree">
      <UniqueIdentifier>{60ab4984-e9ab-4a65-bed6-98a441ce5314}</UniqueIdentifier>
    </Filter>
  </ItemGroup>
  <ItemGroup>
    <ClCompile Include="main.cpp" />
    <ClCompile Include="RedBlackTree\RedBlackTree.cpp">
      <Filter>RedBlackTree</Filter>
    </ClCompile>
  </ItemGroup>
  <ItemGroup>
    <ClInclude Include="RedBlackTree\RedBlackTree.h">
      <Filter>RedBlackTree</Filter>
    </ClInclude>
  </ItemGroup>
</Project>